Microsoft Visual Studio Solution File, Format Version 11.00
# Visual Studio 2008

Project("{A431772B-484E-D1A7-883D-93DBC408ECBC}") = "Glyph-PC", "Assembly-CSharp-firstpass.csproj", "{CFE4328B-C454-C34B-B191-151309171042}"
EndProject
Project("{A431772B-484E-D1A7-883D-93DBC408ECBC}") = "Glyph-PC", "Assembly-CSharp.csproj", "{60753657-D4F3-1A69-5625-16EE4D9EB9FC}"
EndProject
Project("{A431772B-484E-D1A7-883D-93DBC408ECBC}") = "Glyph-PC", "Assembly-UnityScript.unityproj", "{7B916093-35ED-A3DA-E96C-8674F456AD68}"
EndProject
Global
	GlobalSection(SolutionConfigurationPlatforms) = preSolution
		Debug|Any CPU = Debug|Any CPU
		Release|Any CPU = Release|Any CPU
	EndGlobalSection
	GlobalSection(ProjectConfigurationPlatforms) = postSolution
		{CFE4328B-C454-C34B-B191-151309171042}.Debug|Any CPU.ActiveCfg = Debug|Any CPU
		{CFE4328B-C454-C34B-B191-151309171042}.Debug|Any CPU.Build.0 = Debug|Any CPU
		{CFE4328B-C454-C34B-B191-151309171042}.Release|Any CPU.ActiveCfg = Release|Any CPU
		{CFE4328B-C454-C34B-B191-151309171042}.Release|Any CPU.Build.0 = Release|Any CPU
		{60753657-D4F3-1A69-5625-16EE4D9EB9FC}.Debug|Any CPU.ActiveCfg = Debug|Any CPU
		{60753657-D4F3-1A69-5625-16EE4D9EB9FC}.Debug|Any CPU.Build.0 = Debug|Any CPU
		{60753657-D4F3-1A69-5625-16EE4D9EB9FC}.Release|Any CPU.ActiveCfg = Release|Any CPU
		{60753657-D4F3-1A69-5625-16EE4D9EB9FC}.Release|Any CPU.Build.0 = Release|Any CPU
		{7B916093-35ED-A3DA-E96C-8674F456AD68}.Debug|Any CPU.ActiveCfg = Debug|Any CPU
		{7B916093-35ED-A3DA-E96C-8674F456AD68}.Debug|Any CPU.Build.0 = Debug|Any CPU
		{7B916093-35ED-A3DA-E96C-8674F456AD68}.Release|Any CPU.ActiveCfg = Release|Any CPU
		{7B916093-35ED-A3DA-E96C-8674F456AD68}.Release|Any CPU.Build.0 = Release|Any CPU
	EndGlobalSection
	GlobalSection(SolutionProperties) = preSolution
		HideSolutionNode = FALSE
	EndGlobalSection
																GlobalSection(MonoDevelopProperties) = preSolution
		StartupItem = Assembly-CSharp.csproj
		Policies = $0
		$0.TextStylePolicy = $1
		$1.inheritsSet = null
		$1.scope = text/x-csharp
		$0.CSharpFormattingPolicy = $2
		$2.inheritsSet = Mono
		$2.inheritsScope = text/x-csharp
		$2.scope = text/x-csharp
		$0.TextStylePolicy = $3
		$3.FileWidth = 120
		$3.TabWidth = 4
		$3.EolMarker = Unix
		$3.inheritsSet = Mono
		$3.inheritsScope = text/plain
		$3.scope = text/plain
	EndGlobalSection

EndGlobal
